
Microsoft Visual Studio Solution File, Format Version 12.00
# Visual Studio Version 16
VisualStudioVersion = 16.0.30114.105
MinimumVisualStudioVersion = 10.0.40219.1
Project("{FAE04EC0-301F-11D3-BF4B-00C04F79EFBC}") = "SimpleStorageConsole", "SimpleStorageConsole\SimpleStorageConsole.csproj", "{EEB01E23-391B-4F5B-9006-246BB5952E8B}"
EndProject
Project("{FAE04EC0-301F-11D3-BF4B-00C04F79EFBC}") = "EthereumSmartContracts", "EthereumSmartContracts\EthereumSmartContracts.csproj", "{A5BA6F49-9BBA-4571-BC5E-8AC3BADA625D}"
EndProject
Global
	GlobalSection(SolutionConfigurationPlatforms) = preSolution
		Debug|Any CPU = Debug|Any CPU
		Release|Any CPU = Release|Any CPU
	EndGlobalSection
	GlobalSection(SolutionProperties) = preSolution
		HideSolutionNode = FALSE
	EndGlobalSection
	GlobalSection(ProjectConfigurationPlatforms) = postSolution
		{EEB01E23-391B-4F5B-9006-246BB5952E8B}.Debug|Any CPU.ActiveCfg = Debug|Any CPU
		{EEB01E23-391B-4F5B-9006-246BB5952E8B}.Debug|Any CPU.Build.0 = Debug|Any CPU
		{EEB01E23-391B-4F5B-9006-246BB5952E8B}.Release|Any CPU.ActiveCfg = Release|Any CPU
		{EEB01E23-391B-4F5B-9006-246BB5952E8B}.Release|Any CPU.Build.0 = Release|Any CPU
		{A5BA6F49-9BBA-4571-BC5E-8AC3BADA625D}.Debug|Any CPU.ActiveCfg = Debug|Any CPU
		{A5BA6F49-9BBA-4571-BC5E-8AC3BADA625D}.Debug|Any CPU.Build.0 = Debug|Any CPU
		{A5BA6F49-9BBA-4571-BC5E-8AC3BADA625D}.Release|Any CPU.ActiveCfg = Release|Any CPU
		{A5BA6F49-9BBA-4571-BC5E-8AC3BADA625D}.Release|Any CPU.Build.0 = Release|Any CPU
	EndGlobalSection
EndGlobal
