
Microsoft Visual Studio Solution File, Format Version 12.00
# Visual Studio Version 16
VisualStudioVersion = 16.0.30114.105
MinimumVisualStudioVersion = 10.0.40219.1
Project("{FAE04EC0-301F-11D3-BF4B-00C04F79EFBC}") = "NFTConsole", "NFTConsole\NFTConsole.csproj", "{250144B2-37A0-46DA-BF55-589BDDB238A6}"
EndProject
Project("{FAE04EC0-301F-11D3-BF4B-00C04F79EFBC}") = "EthereumSmartContracts", "EthereumSmartContracts\EthereumSmartContracts.csproj", "{3AE8CD03-6CC8-42D9-835E-83A15266BCA5}"
EndProject
Global
	GlobalSection(SolutionConfigurationPlatforms) = preSolution
		Debug|Any CPU = Debug|Any CPU
		Release|Any CPU = Release|Any CPU
	EndGlobalSection
	GlobalSection(SolutionProperties) = preSolution
		HideSolutionNode = FALSE
	EndGlobalSection
	GlobalSection(ProjectConfigurationPlatforms) = postSolution
		{250144B2-37A0-46DA-BF55-589BDDB238A6}.Debug|Any CPU.ActiveCfg = Debug|Any CPU
		{250144B2-37A0-46DA-BF55-589BDDB238A6}.Debug|Any CPU.Build.0 = Debug|Any CPU
		{250144B2-37A0-46DA-BF55-589BDDB238A6}.Release|Any CPU.ActiveCfg = Release|Any CPU
		{250144B2-37A0-46DA-BF55-589BDDB238A6}.Release|Any CPU.Build.0 = Release|Any CPU
		{3AE8CD03-6CC8-42D9-835E-83A15266BCA5}.Debug|Any CPU.ActiveCfg = Debug|Any CPU
		{3AE8CD03-6CC8-42D9-835E-83A15266BCA5}.Debug|Any CPU.Build.0 = Debug|Any CPU
		{3AE8CD03-6CC8-42D9-835E-83A15266BCA5}.Release|Any CPU.ActiveCfg = Release|Any CPU
		{3AE8CD03-6CC8-42D9-835E-83A15266BCA5}.Release|Any CPU.Build.0 = Release|Any CPU
	EndGlobalSection
EndGlobal
